
Microsoft Visual Studio Solution File, Format Version 12.00
# Visual Studio 15
VisualStudioVersion = 15.0.28307.168
MinimumVisualStudioVersion = 10.0.40219.1
Project("{2150E333-8FDC-42A3-9474-1A3956D46DE8}") = "src", "src", "{D9873E4E-B484-4D59-9FFE-9AED0709A0E7}"
EndProject
Project("{2150E333-8FDC-42A3-9474-1A3956D46DE8}") = "Domain", "Domain", "{B374DC3A-96B6-4311-A776-430CA3ED3B33}"
EndProject
Project("{2150E333-8FDC-42A3-9474-1A3956D46DE8}") = "Shared", "Shared", "{2E82FD3E-8DF1-4B66-B1A6-DE76A6238BB3}"
EndProject
Project("{2150E333-8FDC-42A3-9474-1A3956D46DE8}") = "Web", "Web", "{6688A3E6-B1A2-4D16-A80D-1DF797CE0BFB}"
EndProject
Project("{FAE04EC0-301F-11D3-BF4B-00C04F79EFBC}") = "NetBlog.Domain", "NetBlog.Domain\NetBlog.Domain.csproj", "{745DCEB9-A3BC-4BF0-9705-10547ED93FD0}"
EndProject
Project("{FAE04EC0-301F-11D3-BF4B-00C04F79EFBC}") = "NetBlog.Queries", "NetBlog.Queries\NetBlog.Queries.csproj", "{17F03E2F-DFAD-4667-AE87-5E931522C50A}"
EndProject
Project("{FAE04EC0-301F-11D3-BF4B-00C04F79EFBC}") = "NetBlog.SharedFramework", "NetBlog.SharedFramework\NetBlog.SharedFramework.csproj", "{350FC722-A38E-48A4-8C0C-B1202FC3841B}"
EndProject
Project("{FAE04EC0-301F-11D3-BF4B-00C04F79EFBC}") = "NetBlog.Requests", "NetBlog.Requests\NetBlog.Requests.csproj", "{073E4D7C-8BA1-441C-BEC3-B956B36D1BEC}"
EndProject
Project("{2150E333-8FDC-42A3-9474-1A3956D46DE8}") = "Storage", "Storage", "{F4712EF5-906E-4164-9D1C-2908236F7821}"
EndProject
Project("{FAE04EC0-301F-11D3-BF4B-00C04F79EFBC}") = "NetBlog.Domain.Sql", "NetBlog.Domain.Sql\NetBlog.Domain.Sql.csproj", "{E4464D10-DFD8-4D22-88FF-DB926484B147}"
EndProject
Project("{FAE04EC0-301F-11D3-BF4B-00C04F79EFBC}") = "NetBlog.Queries.Sql", "NetBlog.Queries.Sql\NetBlog.Queries.Sql.csproj", "{3C105D76-5CFD-483E-B77E-C08A1265FDA0}"
EndProject
Project("{FAE04EC0-301F-11D3-BF4B-00C04F79EFBC}") = "NetBlog.Enums", "NetBlog.Enums\NetBlog.Enums.csproj", "{C78094BB-B0C6-44FD-BE36-9C1DA19F6BA1}"
EndProject
Project("{FAE04EC0-301F-11D3-BF4B-00C04F79EFBC}") = "NetBlog.Resources", "NetBlog.Resources\NetBlog.Resources.csproj", "{8299418C-E387-4970-8D1E-E8E884761090}"
EndProject
Project("{FAE04EC0-301F-11D3-BF4B-00C04F79EFBC}") = "NetBlog.WebApplication", "NetBlog.WebApplication\NetBlog.WebApplication.csproj", "{9B80EC1D-6800-4F76-90BB-C19772B88123}"
EndProject
Global
	GlobalSection(SolutionConfigurationPlatforms) = preSolution
		Debug|Any CPU = Debug|Any CPU
		Release|Any CPU = Release|Any CPU
	EndGlobalSection
	GlobalSection(ProjectConfigurationPlatforms) = postSolution
		{745DCEB9-A3BC-4BF0-9705-10547ED93FD0}.Debug|Any CPU.ActiveCfg = Debug|Any CPU
		{745DCEB9-A3BC-4BF0-9705-10547ED93FD0}.Debug|Any CPU.Build.0 = Debug|Any CPU
		{745DCEB9-A3BC-4BF0-9705-10547ED93FD0}.Release|Any CPU.ActiveCfg = Release|Any CPU
		{745DCEB9-A3BC-4BF0-9705-10547ED93FD0}.Release|Any CPU.Build.0 = Release|Any CPU
		{17F03E2F-DFAD-4667-AE87-5E931522C50A}.Debug|Any CPU.ActiveCfg = Debug|Any CPU
		{17F03E2F-DFAD-4667-AE87-5E931522C50A}.Debug|Any CPU.Build.0 = Debug|Any CPU
		{17F03E2F-DFAD-4667-AE87-5E931522C50A}.Release|Any CPU.ActiveCfg = Release|Any CPU
		{17F03E2F-DFAD-4667-AE87-5E931522C50A}.Release|Any CPU.Build.0 = Release|Any CPU
		{350FC722-A38E-48A4-8C0C-B1202FC3841B}.Debug|Any CPU.ActiveCfg = Debug|Any CPU
		{350FC722-A38E-48A4-8C0C-B1202FC3841B}.Debug|Any CPU.Build.0 = Debug|Any CPU
		{350FC722-A38E-48A4-8C0C-B1202FC3841B}.Release|Any CPU.ActiveCfg = Release|Any CPU
		{350FC722-A38E-48A4-8C0C-B1202FC3841B}.Release|Any CPU.Build.0 = Release|Any CPU
		{073E4D7C-8BA1-441C-BEC3-B956B36D1BEC}.Debug|Any CPU.ActiveCfg = Debug|Any CPU
		{073E4D7C-8BA1-441C-BEC3-B956B36D1BEC}.Debug|Any CPU.Build.0 = Debug|Any CPU
		{073E4D7C-8BA1-441C-BEC3-B956B36D1BEC}.Release|Any CPU.ActiveCfg = Release|Any CPU
		{073E4D7C-8BA1-441C-BEC3-B956B36D1BEC}.Release|Any CPU.Build.0 = Release|Any CPU
		{E4464D10-DFD8-4D22-88FF-DB926484B147}.Debug|Any CPU.ActiveCfg = Debug|Any CPU
		{E4464D10-DFD8-4D22-88FF-DB926484B147}.Debug|Any CPU.Build.0 = Debug|Any CPU
		{E4464D10-DFD8-4D22-88FF-DB926484B147}.Release|Any CPU.ActiveCfg = Release|Any CPU
		{E4464D10-DFD8-4D22-88FF-DB926484B147}.Release|Any CPU.Build.0 = Release|Any CPU
		{3C105D76-5CFD-483E-B77E-C08A1265FDA0}.Debug|Any CPU.ActiveCfg = Debug|Any CPU
		{3C105D76-5CFD-483E-B77E-C08A1265FDA0}.Debug|Any CPU.Build.0 = Debug|Any CPU
		{3C105D76-5CFD-483E-B77E-C08A1265FDA0}.Release|Any CPU.ActiveCfg = Release|Any CPU
		{3C105D76-5CFD-483E-B77E-C08A1265FDA0}.Release|Any CPU.Build.0 = Release|Any CPU
		{C78094BB-B0C6-44FD-BE36-9C1DA19F6BA1}.Debug|Any CPU.ActiveCfg = Debug|Any CPU
		{C78094BB-B0C6-44FD-BE36-9C1DA19F6BA1}.Debug|Any CPU.Build.0 = Debug|Any CPU
		{C78094BB-B0C6-44FD-BE36-9C1DA19F6BA1}.Release|Any CPU.ActiveCfg = Release|Any CPU
		{C78094BB-B0C6-44FD-BE36-9C1DA19F6BA1}.Release|Any CPU.Build.0 = Release|Any CPU
		{8299418C-E387-4970-8D1E-E8E884761090}.Debug|Any CPU.ActiveCfg = Debug|Any CPU
		{8299418C-E387-4970-8D1E-E8E884761090}.Debug|Any CPU.Build.0 = Debug|Any CPU
		{8299418C-E387-4970-8D1E-E8E884761090}.Release|Any CPU.ActiveCfg = Release|Any CPU
		{8299418C-E387-4970-8D1E-E8E884761090}.Release|Any CPU.Build.0 = Release|Any CPU
		{9B80EC1D-6800-4F76-90BB-C19772B88123}.Debug|Any CPU.ActiveCfg = Debug|Any CPU
		{9B80EC1D-6800-4F76-90BB-C19772B88123}.Debug|Any CPU.Build.0 = Debug|Any CPU
		{9B80EC1D-6800-4F76-90BB-C19772B88123}.Release|Any CPU.ActiveCfg = Release|Any CPU
		{9B80EC1D-6800-4F76-90BB-C19772B88123}.Release|Any CPU.Build.0 = Release|Any CPU
	EndGlobalSection
	GlobalSection(SolutionProperties) = preSolution
		HideSolutionNode = FALSE
	EndGlobalSection
	GlobalSection(NestedProjects) = preSolution
		{B374DC3A-96B6-4311-A776-430CA3ED3B33} = {D9873E4E-B484-4D59-9FFE-9AED0709A0E7}
		{2E82FD3E-8DF1-4B66-B1A6-DE76A6238BB3} = {D9873E4E-B484-4D59-9FFE-9AED0709A0E7}
		{6688A3E6-B1A2-4D16-A80D-1DF797CE0BFB} = {D9873E4E-B484-4D59-9FFE-9AED0709A0E7}
		{745DCEB9-A3BC-4BF0-9705-10547ED93FD0} = {B374DC3A-96B6-4311-A776-430CA3ED3B33}
		{17F03E2F-DFAD-4667-AE87-5E931522C50A} = {B374DC3A-96B6-4311-A776-430CA3ED3B33}
		{350FC722-A38E-48A4-8C0C-B1202FC3841B} = {2E82FD3E-8DF1-4B66-B1A6-DE76A6238BB3}
		{073E4D7C-8BA1-441C-BEC3-B956B36D1BEC} = {2E82FD3E-8DF1-4B66-B1A6-DE76A6238BB3}
		{F4712EF5-906E-4164-9D1C-2908236F7821} = {D9873E4E-B484-4D59-9FFE-9AED0709A0E7}
		{E4464D10-DFD8-4D22-88FF-DB926484B147} = {F4712EF5-906E-4164-9D1C-2908236F7821}
		{3C105D76-5CFD-483E-B77E-C08A1265FDA0} = {F4712EF5-906E-4164-9D1C-2908236F7821}
		{C78094BB-B0C6-44FD-BE36-9C1DA19F6BA1} = {2E82FD3E-8DF1-4B66-B1A6-DE76A6238BB3}
		{8299418C-E387-4970-8D1E-E8E884761090} = {2E82FD3E-8DF1-4B66-B1A6-DE76A6238BB3}
		{9B80EC1D-6800-4F76-90BB-C19772B88123} = {6688A3E6-B1A2-4D16-A80D-1DF797CE0BFB}
	EndGlobalSection
	GlobalSection(ExtensibilityGlobals) = postSolution
		SolutionGuid = {D7069D70-26EB-4E66-8283-4FF343304D6B}
	EndGlobalSection
EndGlobal
